<Solution>
  <Folder Name="/Docs/" />
  <Folder Name="/Docs/Architecture/">
    <File Path="../Docs/Architecture/Use of DI.md" />
    <File Path="Intro_DI.md" />
  </Folder>
  <Folder Name="/Docs/Decisions/">
    <File Path="../Docs/Decisions/Why App.xaml.cs is Composition Root.md" />
  </Folder>
  <Project Path="Meticulous.Core/Meticulous.Core.csproj" Id="659110c3-4934-499a-b347-de31313ce39b" />
  <Project Path="Meticulous.Infrastructure/Meticulous.Infrastructure.csproj" Id="2b33b813-04a7-40b3-8df2-2dee1c367b3b" />
  <Project Path="Meticulous.Modules.Alerts/Meticulous.Modules.Alerts.csproj" Id="edb3169b-ce7b-4fbc-aa04-8d464722f8d1" />
  <Project Path="Meticulous.Modules.Dashboard/Meticulous.Modules.Dashboard.csproj" Id="176f8721-d156-4ace-805a-24ce189b2136" />
  <Project Path="Meticulous.Modules.Notification/Meticulous.Modules.Notification.csproj" Id="c04c5a58-4742-4912-9dd2-6067ad05cefe" />
  <Project Path="Meticulous.Modules.Processes/Meticulous.Modules.Processes.csproj" Id="1b33dea2-aa4b-45cd-b3d3-a4b99a5d09e8" />
  <Project Path="Meticulous.Modules.Reports/Meticulous.Modules.Reports.csproj" Id="88b33944-5ee7-435d-b705-e9210a35c94e" />
  <Project Path="Meticulous.Modules.Settings/Meticulous.Modules.Settings.csproj" Id="c5cb5725-63b4-41a5-a641-7e91e9cbdf1d" />
  <Project Path="Meticulous.Shell.csproj" Id="1db7c299-e088-40a0-8cf0-59638f7ceeec" />
</Solution>
